
Microsoft Visual Studio Solution File, Format Version 12.00
# Visual Studio 14
VisualStudioVersion = 14.0.23107.0
MinimumVisualStudioVersion = 10.0.40219.1
Project("{FAE04EC0-301F-11D3-BF4B-00C04F79EFBC}") = "MyBlogWeb", "MyBlogWeb\MyBlogWeb.csproj", "{E0BC5DC5-629F-47FD-B236-E2FFE4AF6FBA}"
EndProject
Project("{FAE04EC0-301F-11D3-BF4B-00C04F79EFBC}") = "Model", "Model\Model.csproj", "{DCA2B095-E749-4CA9-93A5-9749499ABDD2}"
EndProject
Global
	GlobalSection(SolutionConfigurationPlatforms) = preSolution
		Debug|Any CPU = Debug|Any CPU
		Release|Any CPU = Release|Any CPU
	EndGlobalSection
	GlobalSection(ProjectConfigurationPlatforms) = postSolution
		{E0BC5DC5-629F-47FD-B236-E2FFE4AF6FBA}.Debug|Any CPU.ActiveCfg = Debug|Any CPU
		{E0BC5DC5-629F-47FD-B236-E2FFE4AF6FBA}.Debug|Any CPU.Build.0 = Debug|Any CPU
		{E0BC5DC5-629F-47FD-B236-E2FFE4AF6FBA}.Release|Any CPU.ActiveCfg = Release|Any CPU
		{E0BC5DC5-629F-47FD-B236-E2FFE4AF6FBA}.Release|Any CPU.Build.0 = Release|Any CPU
		{DCA2B095-E749-4CA9-93A5-9749499ABDD2}.Debug|Any CPU.ActiveCfg = Debug|Any CPU
		{DCA2B095-E749-4CA9-93A5-9749499ABDD2}.Debug|Any CPU.Build.0 = Debug|Any CPU
		{DCA2B095-E749-4CA9-93A5-9749499ABDD2}.Release|Any CPU.ActiveCfg = Release|Any CPU
		{DCA2B095-E749-4CA9-93A5-9749499ABDD2}.Release|Any CPU.Build.0 = Release|Any CPU
	EndGlobalSection
	GlobalSection(SolutionProperties) = preSolution
		HideSolutionNode = FALSE
	EndGlobalSection
EndGlobal
